{
    "name": "tsgraph",
    "version": "3.9.1",
    "lockfileVersion": 1,
    "requires": true,
    "dependencies": {
        "colors": {
            "version": "1.1.2",
            "resolved": "https://registry.npmjs.org/colors/-/colors-1.1.2.tgz",
            "integrity": "sha1-FopHAXVran9RoSzgyXv6KMCE7WM=",
            "dev": true
        },
        "fs-extra": {
            "version": "5.0.0",
            "resolved": "https://registry.npmjs.org/fs-extra/-/fs-extra-5.0.0.tgz",
            "integrity": "sha512-66Pm4RYbjzdyeuqudYqhFiNBbCIuI9kgRqLPSHIlXHidW8NIQtVdkM1yeZ4lXwuhbTETv3EUGMNHAAw6hiundQ==",
            "dev": true,
            "requires": {
                "graceful-fs": "4.1.11",
                "jsonfile": "4.0.0",
                "universalify": "0.1.1"
            }
        },
        "graceful-fs": {
            "version": "4.1.11",
            "resolved": "https://registry.npmjs.org/graceful-fs/-/graceful-fs-4.1.11.tgz",
            "integrity": "sha1-Dovf5NHduIVNZOBOp8AOKgJuVlg=",
            "dev": true
        },
        "jsonfile": {
            "version": "4.0.0",
            "resolved": "https://registry.npmjs.org/jsonfile/-/jsonfile-4.0.0.tgz",
            "integrity": "sha1-h3Gq4HmbZAdrdmQPygWPnBDjPss=",
            "dev": true,
            "requires": {
                "graceful-fs": "4.1.11"
            }
        },
        "rollup": {
            "version": "0.56.2",
            "resolved": "https://registry.npmjs.org/rollup/-/rollup-0.56.2.tgz",
            "integrity": "sha512-vZIn0P+xA1glmc4DwRsUC9ce6SSE5gZT2YKaRiSYHwJXHcRtXWHOvrY2NtUR8Gk+EoszyyoXMfw9OrYCCKCYCA==",
            "dev": true
        },
        "rollup-plugin-copy": {
            "version": "0.2.3",
            "resolved": "https://registry.npmjs.org/rollup-plugin-copy/-/rollup-plugin-copy-0.2.3.tgz",
            "integrity": "sha1-2sGrgdHyILrrmOXEwBCCUuHtu5g=",
            "dev": true,
            "requires": {
                "colors": "1.1.2",
                "fs-extra": "3.0.1"
            },
            "dependencies": {
                "fs-extra": {
                    "version": "3.0.1",
                    "resolved": "https://registry.npmjs.org/fs-extra/-/fs-extra-3.0.1.tgz",
                    "integrity": "sha1-N5TzeMWLNC6n27sjCVEJxLO2IpE=",
                    "dev": true,
                    "requires": {
                        "graceful-fs": "4.1.11",
                        "jsonfile": "3.0.1",
                        "universalify": "0.1.1"
                    }
                },
                "jsonfile": {
                    "version": "3.0.1",
                    "resolved": "https://registry.npmjs.org/jsonfile/-/jsonfile-3.0.1.tgz",
                    "integrity": "sha1-pezG9l9T9mLEQVx2daAzHQmS7GY=",
                    "dev": true,
                    "requires": {
                        "graceful-fs": "4.1.11"
                    }
                }
            }
        },
        "typescript": {
            "version": "2.7.2",
            "resolved": "https://registry.npmjs.org/typescript/-/typescript-2.7.2.tgz",
            "integrity": "sha512-p5TCYZDAO0m4G344hD+wx/LATebLWZNkkh2asWUFqSsD2OrDNhbAHuSjobrmsUmdzjJjEeZVU9g1h3O6vpstnw==",
            "dev": true
        },
        "universalify": {
            "version": "0.1.1",
            "resolved": "https://registry.npmjs.org/universalify/-/universalify-0.1.1.tgz",
            "integrity": "sha1-+nG63UQ3r0wUiEHjs7Fl+enlkLc=",
            "dev": true
        }
    }
}
